// !$*UTF8*$!
{
	archiveVersion = 1;
	classes = {
	};
	objectVersion = 46;
	objects = {

/* Begin PBXBuildFile section */
		491331741C039BE500CB7510 /* AppDelegate.swift in Sources */ = {isa = PBXBuildFile; fileRef = 491331731C039BE500CB7510 /* AppDelegate.swift */; };
		491331761C039BE500CB7510 /* ViewController.swift in Sources */ = {isa = PBXBuildFile; fileRef = 491331751C039BE500CB7510 /* ViewController.swift */; };
		491331791C039BE500CB7510 /* Main.storyboard in Resources */ = {isa = PBXBuildFile; fileRef = 491331771C039BE500CB7510 /* Main.storyboard */; };
		4913317B1C039BE500CB7510 /* Assets.xcassets in Resources */ = {isa = PBXBuildFile; fileRef = 4913317A1C039BE500CB7510 /* Assets.xcassets */; };
		4913317E1C039BE500CB7510 /* LaunchScreen.storyboard in Resources */ = {isa = PBXBuildFile; fileRef = 4913317C1C039BE500CB7510 /* LaunchScreen.storyboard */; };
		49739AA51C04801800AA328D /* csv.swift in Sources */ = {isa = PBXBuildFile; fileRef = 49739AA41C04801800AA328D /* csv.swift */; };
		49739AAA1C048B0500AA328D /* Pokemon_Solid.ttf in Resources */ = {isa = PBXBuildFile; fileRef = 49739AA91C048B0500AA328D /* Pokemon_Solid.ttf */; };
		49739AAC1C04902F00AA328D /* funeral-march-outro.wav in Resources */ = {isa = PBXBuildFile; fileRef = 49739AAB1C04902F00AA328D /* funeral-march-outro.wav */; };
		49739AAE1C04913800AA328D /* music.mp3 in Resources */ = {isa = PBXBuildFile; fileRef = 49739AAD1C04913800AA328D /* music.mp3 */; };
		498F788B1C039E6700BA07D1 /* pokemon.csv in Resources */ = {isa = PBXBuildFile; fileRef = 498F788A1C039E6700BA07D1 /* pokemon.csv */; };
		498F788E1C03A9CA00BA07D1 /* Pokemon.swift in Sources */ = {isa = PBXBuildFile; fileRef = 498F788D1C03A9CA00BA07D1 /* Pokemon.swift */; };
		498F78931C03F0D800BA07D1 /* PokeCell.swift in Sources */ = {isa = PBXBuildFile; fileRef = 498F78921C03F0D800BA07D1 /* PokeCell.swift */; };
/* End PBXBuildFile section */

/* Begin PBXFileReference section */
		491331701C039BE500CB7510 /* pokedex-app.app */ = {isa = PBXFileReference; explicitFileType = wrapper.application; includeInIndex = 0; path = "pokedex-app.app"; sourceTree = BUILT_PRODUCTS_DIR; };
		491331731C039BE500CB7510 /* AppDelegate.swift */ = {isa = PBXFileReference; lastKnownFileType = sourcecode.swift; path = AppDelegate.swift; sourceTree = "<group>"; };
		491331751C039BE500CB7510 /* ViewController.swift */ = {isa = PBXFileReference; lastKnownFileType = sourcecode.swift; path = ViewController.swift; sourceTree = "<group>"; };
		491331781C039BE500CB7510 /* Base */ = {isa = PBXFileReference; lastKnownFileType = file.storyboard; name = Base; path = Base.lproj/Main.storyboard; sourceTree = "<group>"; };
		4913317A1C039BE500CB7510 /* Assets.xcassets */ = {isa = PBXFileReference; lastKnownFileType = folder.assetcatalog; path = Assets.xcassets; sourceTree = "<group>"; };
		4913317D1C039BE500CB7510 /* Base */ = {isa = PBXFileReference; lastKnownFileType = file.storyboard; name = Base; path = Base.lproj/LaunchScreen.storyboard; sourceTree = "<group>"; };
		4913317F1C039BE500CB7510 /* Info.plist */ = {isa = PBXFileReference; lastKnownFileType = text.plist.xml; path = Info.plist; sourceTree = "<group>"; };
		49739AA41C04801800AA328D /* csv.swift */ = {isa = PBXFileReference; fileEncoding = 4; lastKnownFileType = sourcecode.swift; path = csv.swift; sourceTree = "<group>"; };
		49739AA91C048B0500AA328D /* Pokemon_Solid.ttf */ = {isa = PBXFileReference; lastKnownFileType = file; path = Pokemon_Solid.ttf; sourceTree = "<group>"; };
		49739AAB1C04902F00AA328D /* funeral-march-outro.wav */ = {isa = PBXFileReference; lastKnownFileType = audio.wav; path = "funeral-march-outro.wav"; sourceTree = "<group>"; };
		49739AAD1C04913800AA328D /* music.mp3 */ = {isa = PBXFileReference; lastKnownFileType = audio.mp3; path = music.mp3; sourceTree = "<group>"; };
		498F788A1C039E6700BA07D1 /* pokemon.csv */ = {isa = PBXFileReference; fileEncoding = 4; lastKnownFileType = text; path = pokemon.csv; sourceTree = "<group>"; };
		498F788D1C03A9CA00BA07D1 /* Pokemon.swift */ = {isa = PBXFileReference; fileEncoding = 4; lastKnownFileType = sourcecode.swift; path = Pokemon.swift; sourceTree = "<group>"; };
		498F78921C03F0D800BA07D1 /* PokeCell.swift */ = {isa = PBXFileReference; fileEncoding = 4; lastKnownFileType = sourcecode.swift; path = PokeCell.swift; sourceTree = "<group>"; };
/* End PBXFileReference section */

/* Begin PBXFrameworksBuildPhase section */
		4913316D1C039BE500CB7510 /* Frameworks */ = {
			isa = PBXFrameworksBuildPhase;
			buildActionMask = 2147483647;
			files = (
			);
			runOnlyForDeploymentPostprocessing = 0;
		};
/* End PBXFrameworksBuildPhase section */

/* Begin PBXGroup section */
		491331671C039BE500CB7510 = {
			isa = PBXGroup;
			children = (
				491331721C039BE500CB7510 /* pokedex-app */,
				491331711C039BE500CB7510 /* Products */,
			);
			sourceTree = "<group>";
		};
		491331711C039BE500CB7510 /* Products */ = {
			isa = PBXGroup;
			children = (
				491331701C039BE500CB7510 /* pokedex-app.app */,
			);
			name = Products;
			sourceTree = "<group>";
		};
		491331721C039BE500CB7510 /* pokedex-app */ = {
			isa = PBXGroup;
			children = (
				49739AA81C04805A00AA328D /* Controller */,
				49739AA71C04804800AA328D /* Resources */,
				49739AA61C04802E00AA328D /* Utils */,
				498F788C1C03A9A900BA07D1 /* Model */,
				498F78911C03F0AE00BA07D1 /* View */,
				491331731C039BE500CB7510 /* AppDelegate.swift */,
				491331771C039BE500CB7510 /* Main.storyboard */,
				4913317A1C039BE500CB7510 /* Assets.xcassets */,
				4913317C1C039BE500CB7510 /* LaunchScreen.storyboard */,
				4913317F1C039BE500CB7510 /* Info.plist */,
				49739AAB1C04902F00AA328D /* funeral-march-outro.wav */,
			);
			path = "pokedex-app";
			sourceTree = "<group>";
		};
		49739AA61C04802E00AA328D /* Utils */ = {
			isa = PBXGroup;
			children = (
				49739AA41C04801800AA328D /* csv.swift */,
			);
			name = Utils;
			sourceTree = "<group>";
		};
		49739AA71C04804800AA328D /* Resources */ = {
			isa = PBXGroup;
			children = (
				49739AAD1C04913800AA328D /* music.mp3 */,
				49739AA91C048B0500AA328D /* Pokemon_Solid.ttf */,
				498F788A1C039E6700BA07D1 /* pokemon.csv */,
			);
			name = Resources;
			sourceTree = "<group>";
		};
		49739AA81C04805A00AA328D /* Controller */ = {
			isa = PBXGroup;
			children = (
				491331751C039BE500CB7510 /* ViewController.swift */,
			);
			name = Controller;
			sourceTree = "<group>";
		};
		498F788C1C03A9A900BA07D1 /* Model */ = {
			isa = PBXGroup;
			children = (
				498F788D1C03A9CA00BA07D1 /* Pokemon.swift */,
			);
			name = Model;
			sourceTree = "<group>";
		};
		498F78911C03F0AE00BA07D1 /* View */ = {
			isa = PBXGroup;
			children = (
				498F78921C03F0D800BA07D1 /* PokeCell.swift */,
			);
			name = View;
			sourceTree = "<group>";
		};
/* End PBXGroup section */

/* Begin PBXNativeTarget section */
		4913316F1C039BE500CB7510 /* pokedex-app */ = {
			isa = PBXNativeTarget;
			buildConfigurationList = 491331821C039BE500CB7510 /* Build configuration list for PBXNativeTarget "pokedex-app" */;
			buildPhases = (
				4913316C1C039BE500CB7510 /* Sources */,
				4913316D1C039BE500CB7510 /* Frameworks */,
				4913316E1C039BE500CB7510 /* Resources */,
			);
			buildRules = (
			);
			dependencies = (
			);
			name = "pokedex-app";
			productName = "pokedex-app";
			productReference = 491331701C039BE500CB7510 /* pokedex-app.app */;
			productType = "com.apple.product-type.application";
		};
/* End PBXNativeTarget section */

/* Begin PBXProject section */
		491331681C039BE500CB7510 /* Project object */ = {
			isa = PBXProject;
			attributes = {
				LastSwiftUpdateCheck = 0710;
				LastUpgradeCheck = 0710;
				ORGANIZATIONNAME = "Nicholson Media";
				TargetAttributes = {
					4913316F1C039BE500CB7510 = {
						CreatedOnToolsVersion = 7.1.1;
					};
				};
			};
			buildConfigurationList = 4913316B1C039BE500CB7510 /* Build configuration list for PBXProject "pokedex-app" */;
			compatibilityVersion = "Xcode 3.2";
			developmentRegion = English;
			hasScannedForEncodings = 0;
			knownRegions = (
				en,
				Base,
			);
			mainGroup = 491331671C039BE500CB7510;
			productRefGroup = 491331711C039BE500CB7510 /* Products */;
			projectDirPath = "";
			projectRoot = "";
			targets = (
				4913316F1C039BE500CB7510 /* pokedex-app */,
			);
		};
/* End PBXProject section */

/* Begin PBXResourcesBuildPhase section */
		4913316E1C039BE500CB7510 /* Resources */ = {
			isa = PBXResourcesBuildPhase;
			buildActionMask = 2147483647;
			files = (
				4913317E1C039BE500CB7510 /* LaunchScreen.storyboard in Resources */,
				49739AAA1C048B0500AA328D /* Pokemon_Solid.ttf in Resources */,
				49739AAC1C04902F00AA328D /* funeral-march-outro.wav in Resources */,
				4913317B1C039BE500CB7510 /* Assets.xcassets in Resources */,
				498F788B1C039E6700BA07D1 /* pokemon.csv in Resources */,
				49739AAE1C04913800AA328D /* music.mp3 in Resources */,
				491331791C039BE500CB7510 /* Main.storyboard in Resources */,
			);
			runOnlyForDeploymentPostprocessing = 0;
		};
/* End PBXResourcesBuildPhase section */

/* Begin PBXSourcesBuildPhase section */
		4913316C1C039BE500CB7510 /* Sources */ = {
			isa = PBXSourcesBuildPhase;
			buildActionMask = 2147483647;
			files = (
				498F78931C03F0D800BA07D1 /* PokeCell.swift in Sources */,
				491331761C039BE500CB7510 /* ViewController.swift in Sources */,
				491331741C039BE500CB7510 /* AppDelegate.swift in Sources */,
				498F788E1C03A9CA00BA07D1 /* Pokemon.swift in Sources */,
				49739AA51C04801800AA328D /* csv.swift in Sources */,
			);
			runOnlyForDeploymentPostprocessing = 0;
		};
/* End PBXSourcesBuildPhase section */

/* Begin PBXVariantGroup section */
		491331771C039BE500CB7510 /* Main.storyboard */ = {
			isa = PBXVariantGroup;
			children = (
				491331781C039BE500CB7510 /* Base */,
			);
			name = Main.storyboard;
			sourceTree = "<group>";
		};
		4913317C1C039BE500CB7510 /* LaunchScreen.storyboard */ = {
			isa = PBXVariantGroup;
			children = (
				4913317D1C039BE500CB7510 /* Base */,
			);
			name = LaunchScreen.storyboard;
			sourceTree = "<group>";
		};
/* End PBXVariantGroup section */

/* Begin XCBuildConfiguration section */
		491331801C039BE500CB7510 /* Debug */ = {
			isa = XCBuildConfiguration;
			buildSettings = {
				ALWAYS_SEARCH_USER_PATHS = NO;
				CLANG_CXX_LANGUAGE_STANDARD = "gnu++0x";
				CLANG_CXX_LIBRARY = "libc++";
				CLANG_ENABLE_MODULES = YES;
				CLANG_ENABLE_OBJC_ARC = YES;
				CLANG_WARN_BOOL_CONVERSION = YES;
				CLANG_WARN_CONSTANT_CONVERSION = YES;
				CLANG_WARN_DIRECT_OBJC_ISA_USAGE = YES_ERROR;
				CLANG_WARN_EMPTY_BODY = YES;
				CLANG_WARN_ENUM_CONVERSION = YES;
				CLANG_WARN_INT_CONVERSION = YES;
				CLANG_WARN_OBJC_ROOT_CLASS = YES_ERROR;
				CLANG_WARN_UNREACHABLE_CODE = YES;
				CLANG_WARN__DUPLICATE_METHOD_MATCH = YES;
				"CODE_SIGN_IDENTITY[sdk=iphoneos*]" = "iPhone Developer";
				COPY_PHASE_STRIP = NO;
				DEBUG_INFORMATION_FORMAT = dwarf;
				ENABLE_STRICT_OBJC_MSGSEND = YES;
				ENABLE_TESTABILITY = YES;
				GCC_C_LANGUAGE_STANDARD = gnu99;
				GCC_DYNAMIC_NO_PIC = NO;
				GCC_NO_COMMON_BLOCKS = YES;
				GCC_OPTIMIZATION_LEVEL = 0;
				GCC_PREPROCESSOR_DEFINITIONS = (
					"DEBUG=1",
					"$(inherited)",
				);
				GCC_WARN_64_TO_32_BIT_CONVERSION = YES;
				GCC_WARN_ABOUT_RETURN_TYPE = YES_ERROR;
				GCC_WARN_UNDECLARED_SELECTOR = YES;
				GCC_WARN_UNINITIALIZED_AUTOS = YES_AGGRESSIVE;
				GCC_WARN_UNUSED_FUNCTION = YES;
				GCC_WARN_UNUSED_VARIABLE = YES;
				IPHONEOS_DEPLOYMENT_TARGET = 9.1;
				MTL_ENABLE_DEBUG_INFO = YES;
				ONLY_ACTIVE_ARCH = YES;
				SDKROOT = iphoneos;
				SWIFT_OPTIMIZATION_LEVEL = "-Onone";
				TARGETED_DEVICE_FAMILY = "1,2";
			};
			name = Debug;
		};
		491331811C039BE500CB7510 /* Release */ = {
			isa = XCBuildConfiguration;
			buildSettings = {
				ALWAYS_SEARCH_USER_PATHS = NO;
				CLANG_CXX_LANGUAGE_STANDARD = "gnu++0x";
				CLANG_CXX_LIBRARY = "libc++";
				CLANG_ENABLE_MODULES = YES;
				CLANG_ENABLE_OBJC_ARC = YES;
				CLANG_WARN_BOOL_CONVERSION = YES;
				CLANG_WARN_CONSTANT_CONVERSION = YES;
				CLANG_WARN_DIRECT_OBJC_ISA_USAGE = YES_ERROR;
				CLANG_WARN_EMPTY_BODY = YES;
				CLANG_WARN_ENUM_CONVERSION = YES;
				CLANG_WARN_INT_CONVERSION = YES;
				CLANG_WARN_OBJC_ROOT_CLASS = YES_ERROR;
				CLANG_WARN_UNREACHABLE_CODE = YES;
				CLANG_WARN__DUPLICATE_METHOD_MATCH = YES;
				"CODE_SIGN_IDENTITY[sdk=iphoneos*]" = "iPhone Developer";
				COPY_PHASE_STRIP = NO;
				DEBUG_INFORMATION_FORMAT = "dwarf-with-dsym";
				ENABLE_NS_ASSERTIONS = NO;
				ENABLE_STRICT_OBJC_MSGSEND = YES;
				GCC_C_LANGUAGE_STANDARD = gnu99;
				GCC_NO_COMMON_BLOCKS = YES;
				GCC_WARN_64_TO_32_BIT_CONVERSION = YES;
				GCC_WARN_ABOUT_RETURN_TYPE = YES_ERROR;
				GCC_WARN_UNDECLARED_SELECTOR = YES;
				GCC_WARN_UNINITIALIZED_AUTOS = YES_AGGRESSIVE;
				GCC_WARN_UNUSED_FUNCTION = YES;
				GCC_WARN_UNUSED_VARIABLE = YES;
				IPHONEOS_DEPLOYMENT_TARGET = 9.1;
				MTL_ENABLE_DEBUG_INFO = NO;
				SDKROOT = iphoneos;
				TARGETED_DEVICE_FAMILY = "1,2";
				VALIDATE_PRODUCT = YES;
			};
			name = Release;
		};
		491331831C039BE500CB7510 /* Debug */ = {
			isa = XCBuildConfiguration;
			buildSettings = {
				ASSETCATALOG_COMPILER_APPICON_NAME = AppIcon;
				INFOPLIST_FILE = "pokedex-app/Info.plist";
				LD_RUNPATH_SEARCH_PATHS = "$(inherited) @executable_path/Frameworks";
				PRODUCT_BUNDLE_IDENTIFIER = "co.uk.nicholsonmedia.pokedex-app";
				PRODUCT_NAME = "$(TARGET_NAME)";
			};
			name = Debug;
		};
		491331841C039BE500CB7510 /* Release */ = {
			isa = XCBuildConfiguration;
			buildSettings = {
				ASSETCATALOG_COMPILER_APPICON_NAME = AppIcon;
				INFOPLIST_FILE = "pokedex-app/Info.plist";
				LD_RUNPATH_SEARCH_PATHS = "$(inherited) @executable_path/Frameworks";
				PRODUCT_BUNDLE_IDENTIFIER = "co.uk.nicholsonmedia.pokedex-app";
				PRODUCT_NAME = "$(TARGET_NAME)";
			};
			name = Release;
		};
/* End XCBuildConfiguration section */

/* Begin XCConfigurationList section */
		4913316B1C039BE500CB7510 /* Build configuration list for PBXProject "pokedex-app" */ = {
			isa = XCConfigurationList;
			buildConfigurations = (
				491331801C039BE500CB7510 /* Debug */,
				491331811C039BE500CB7510 /* Release */,
			);
			defaultConfigurationIsVisible = 0;
			defaultConfigurationName = Release;
		};
		491331821C039BE500CB7510 /* Build configuration list for PBXNativeTarget "pokedex-app" */ = {
			isa = XCConfigurationList;
			buildConfigurations = (
				491331831C039BE500CB7510 /* Debug */,
				491331841C039BE500CB7510 /* Release */,
			);
			defaultConfigurationIsVisible = 0;
			defaultConfigurationName = Release;
		};
/* End XCConfigurationList section */
	};
	rootObject = 491331681C039BE500CB7510 /* Project object */;
}
